// !$*UTF8*$!
{
	archiveVersion = 1;
	classes = {
	};
	objectVersion = 46;
	objects = {

/* Begin PBXBuildFile section */
		F60668641E473C2F00325D7B /* AppDelegate.swift in Sources */ = {isa = PBXBuildFile; fileRef = F60668631E473C2F00325D7B /* AppDelegate.swift */; };
		F60668661E473C2F00325D7B /* ViewController.swift in Sources */ = {isa = PBXBuildFile; fileRef = F60668651E473C2F00325D7B /* ViewController.swift */; };
		F60668681E473C2F00325D7B /* Assets.xcassets in Resources */ = {isa = PBXBuildFile; fileRef = F60668671E473C2F00325D7B /* Assets.xcassets */; };
		F606686B1E473C2F00325D7B /* Main.storyboard in Resources */ = {isa = PBXBuildFile; fileRef = F60668691E473C2F00325D7B /* Main.storyboard */; };
		F60668761E473C2F00325D7B /* MitsuamiTests.swift in Sources */ = {isa = PBXBuildFile; fileRef = F60668751E473C2F00325D7B /* MitsuamiTests.swift */; };
		F60668811E473C2F00325D7B /* MitsuamiUITests.swift in Sources */ = {isa = PBXBuildFile; fileRef = F60668801E473C2F00325D7B /* MitsuamiUITests.swift */; };
/* End PBXBuildFile section */

/* Begin PBXContainerItemProxy section */
		F60668721E473C2F00325D7B /* PBXContainerItemProxy */ = {
			isa = PBXContainerItemProxy;
			containerPortal = F60668581E473C2E00325D7B /* Project object */;
			proxyType = 1;
			remoteGlobalIDString = F606685F1E473C2E00325D7B;
			remoteInfo = Mitsuami;
		};
		F606687D1E473C2F00325D7B /* PBXContainerItemProxy */ = {
			isa = PBXContainerItemProxy;
			containerPortal = F60668581E473C2E00325D7B /* Project object */;
			proxyType = 1;
			remoteGlobalIDString = F606685F1E473C2E00325D7B;
			remoteInfo = Mitsuami;
		};
/* End PBXContainerItemProxy section */

/* Begin PBXFileReference section */
		F60668601E473C2F00325D7B /* Mitsuami.app */ = {isa = PBXFileReference; explicitFileType = wrapper.application; includeInIndex = 0; path = Mitsuami.app; sourceTree = BUILT_PRODUCTS_DIR; };
		F60668631E473C2F00325D7B /* AppDelegate.swift */ = {isa = PBXFileReference; lastKnownFileType = sourcecode.swift; path = AppDelegate.swift; sourceTree = "<group>"; };
		F60668651E473C2F00325D7B /* ViewController.swift */ = {isa = PBXFileReference; lastKnownFileType = sourcecode.swift; path = ViewController.swift; sourceTree = "<group>"; };
		F60668671E473C2F00325D7B /* Assets.xcassets */ = {isa = PBXFileReference; lastKnownFileType = folder.assetcatalog; path = Assets.xcassets; sourceTree = "<group>"; };
		F606686A1E473C2F00325D7B /* Base */ = {isa = PBXFileReference; lastKnownFileType = file.storyboard; name = Base; path = Base.lproj/Main.storyboard; sourceTree = "<group>"; };
		F606686C1E473C2F00325D7B /* Info.plist */ = {isa = PBXFileReference; lastKnownFileType = text.plist.xml; path = Info.plist; sourceTree = "<group>"; };
		F60668711E473C2F00325D7B /* MitsuamiTests.xctest */ = {isa = PBXFileReference; explicitFileType = wrapper.cfbundle; includeInIndex = 0; path = MitsuamiTests.xctest; sourceTree = BUILT_PRODUCTS_DIR; };
		F60668751E473C2F00325D7B /* MitsuamiTests.swift */ = {isa = PBXFileReference; lastKnownFileType = sourcecode.swift; path = MitsuamiTests.swift; sourceTree = "<group>"; };
		F60668771E473C2F00325D7B /* Info.plist */ = {isa = PBXFileReference; lastKnownFileType = text.plist.xml; path = Info.plist; sourceTree = "<group>"; };
		F606687C1E473C2F00325D7B /* MitsuamiUITests.xctest */ = {isa = PBXFileReference; explicitFileType = wrapper.cfbundle; includeInIndex = 0; path = MitsuamiUITests.xctest; sourceTree = BUILT_PRODUCTS_DIR; };
		F60668801E473C2F00325D7B /* MitsuamiUITests.swift */ = {isa = PBXFileReference; lastKnownFileType = sourcecode.swift; path = MitsuamiUITests.swift; sourceTree = "<group>"; };
		F60668821E473C2F00325D7B /* Info.plist */ = {isa = PBXFileReference; lastKnownFileType = text.plist.xml; path = Info.plist; sourceTree = "<group>"; };
/* End PBXFileReference section */

/* Begin PBXFrameworksBuildPhase section */
		F606685D1E473C2E00325D7B /* Frameworks */ = {
			isa = PBXFrameworksBuildPhase;
			buildActionMask = 2147483647;
			files = (
			);
			runOnlyForDeploymentPostprocessing = 0;
		};
		F606686E1E473C2F00325D7B /* Frameworks */ = {
			isa = PBXFrameworksBuildPhase;
			buildActionMask = 2147483647;
			files = (
			);
			runOnlyForDeploymentPostprocessing = 0;
		};
		F60668791E473C2F00325D7B /* Frameworks */ = {
			isa = PBXFrameworksBuildPhase;
			buildActionMask = 2147483647;
			files = (
			);
			runOnlyForDeploymentPostprocessing = 0;
		};
/* End PBXFrameworksBuildPhase section */

/* Begin PBXGroup section */
		F60668571E473C2E00325D7B = {
			isa = PBXGroup;
			children = (
				F60668621E473C2F00325D7B /* Mitsuami */,
				F60668741E473C2F00325D7B /* MitsuamiTests */,
				F606687F1E473C2F00325D7B /* MitsuamiUITests */,
				F60668611E473C2F00325D7B /* Products */,
			);
			sourceTree = "<group>";
		};
		F60668611E473C2F00325D7B /* Products */ = {
			isa = PBXGroup;
			children = (
				F60668601E473C2F00325D7B /* Mitsuami.app */,
				F60668711E473C2F00325D7B /* MitsuamiTests.xctest */,
				F606687C1E473C2F00325D7B /* MitsuamiUITests.xctest */,
			);
			name = Products;
			sourceTree = "<group>";
		};
		F60668621E473C2F00325D7B /* Mitsuami */ = {
			isa = PBXGroup;
			children = (
				F60668631E473C2F00325D7B /* AppDelegate.swift */,
				F60668651E473C2F00325D7B /* ViewController.swift */,
				F60668671E473C2F00325D7B /* Assets.xcassets */,
				F60668691E473C2F00325D7B /* Main.storyboard */,
				F606686C1E473C2F00325D7B /* Info.plist */,
			);
			path = Mitsuami;
			sourceTree = "<group>";
		};
		F60668741E473C2F00325D7B /* MitsuamiTests */ = {
			isa = PBXGroup;
			children = (
				F60668751E473C2F00325D7B /* MitsuamiTests.swift */,
				F60668771E473C2F00325D7B /* Info.plist */,
			);
			path = MitsuamiTests;
			sourceTree = "<group>";
		};
		F606687F1E473C2F00325D7B /* MitsuamiUITests */ = {
			isa = PBXGroup;
			children = (
				F60668801E473C2F00325D7B /* MitsuamiUITests.swift */,
				F60668821E473C2F00325D7B /* Info.plist */,
			);
			path = MitsuamiUITests;
			sourceTree = "<group>";
		};
/* End PBXGroup section */

/* Begin PBXNativeTarget section */
		F606685F1E473C2E00325D7B /* Mitsuami */ = {
			isa = PBXNativeTarget;
			buildConfigurationList = F60668851E473C2F00325D7B /* Build configuration list for PBXNativeTarget "Mitsuami" */;
			buildPhases = (
				F606685C1E473C2E00325D7B /* Sources */,
				F606685D1E473C2E00325D7B /* Frameworks */,
				F606685E1E473C2E00325D7B /* Resources */,
			);
			buildRules = (
			);
			dependencies = (
			);
			name = Mitsuami;
			productName = Mitsuami;
			productReference = F60668601E473C2F00325D7B /* Mitsuami.app */;
			productType = "com.apple.product-type.application";
		};
		F60668701E473C2F00325D7B /* MitsuamiTests */ = {
			isa = PBXNativeTarget;
			buildConfigurationList = F60668881E473C2F00325D7B /* Build configuration list for PBXNativeTarget "MitsuamiTests" */;
			buildPhases = (
				F606686D1E473C2F00325D7B /* Sources */,
				F606686E1E473C2F00325D7B /* Frameworks */,
				F606686F1E473C2F00325D7B /* Resources */,
			);
			buildRules = (
			);
			dependencies = (
				F60668731E473C2F00325D7B /* PBXTargetDependency */,
			);
			name = MitsuamiTests;
			productName = MitsuamiTests;
			productReference = F60668711E473C2F00325D7B /* MitsuamiTests.xctest */;
			productType = "com.apple.product-type.bundle.unit-test";
		};
		F606687B1E473C2F00325D7B /* MitsuamiUITests */ = {
			isa = PBXNativeTarget;
			buildConfigurationList = F606688B1E473C2F00325D7B /* Build configuration list for PBXNativeTarget "MitsuamiUITests" */;
			buildPhases = (
				F60668781E473C2F00325D7B /* Sources */,
				F60668791E473C2F00325D7B /* Frameworks */,
				F606687A1E473C2F00325D7B /* Resources */,
			);
			buildRules = (
			);
			dependencies = (
				F606687E1E473C2F00325D7B /* PBXTargetDependency */,
			);
			name = MitsuamiUITests;
			productName = MitsuamiUITests;
			productReference = F606687C1E473C2F00325D7B /* MitsuamiUITests.xctest */;
			productType = "com.apple.product-type.bundle.ui-testing";
		};
/* End PBXNativeTarget section */

/* Begin PBXProject section */
		F60668581E473C2E00325D7B /* Project object */ = {
			isa = PBXProject;
			attributes = {
				LastSwiftUpdateCheck = 0820;
				LastUpgradeCheck = 0820;
				ORGANIZATIONNAME = "Yuya Hirayama";
				TargetAttributes = {
					F606685F1E473C2E00325D7B = {
						CreatedOnToolsVersion = 8.2.1;
						DevelopmentTeam = Q3N95Y73WF;
						ProvisioningStyle = Automatic;
					};
					F60668701E473C2F00325D7B = {
						CreatedOnToolsVersion = 8.2.1;
						DevelopmentTeam = Q3N95Y73WF;
						ProvisioningStyle = Automatic;
						TestTargetID = F606685F1E473C2E00325D7B;
					};
					F606687B1E473C2F00325D7B = {
						CreatedOnToolsVersion = 8.2.1;
						DevelopmentTeam = Q3N95Y73WF;
						ProvisioningStyle = Automatic;
						TestTargetID = F606685F1E473C2E00325D7B;
					};
				};
			};
			buildConfigurationList = F606685B1E473C2E00325D7B /* Build configuration list for PBXProject "Mitsuami" */;
			compatibilityVersion = "Xcode 3.2";
			developmentRegion = English;
			hasScannedForEncodings = 0;
			knownRegions = (
				en,
				Base,
			);
			mainGroup = F60668571E473C2E00325D7B;
			productRefGroup = F60668611E473C2F00325D7B /* Products */;
			projectDirPath = "";
			projectRoot = "";
			targets = (
				F606685F1E473C2E00325D7B /* Mitsuami */,
				F60668701E473C2F00325D7B /* MitsuamiTests */,
				F606687B1E473C2F00325D7B /* MitsuamiUITests */,
			);
		};
/* End PBXProject section */

/* Begin PBXResourcesBuildPhase section */
		F606685E1E473C2E00325D7B /* Resources */ = {
			isa = PBXResourcesBuildPhase;
			buildActionMask = 2147483647;
			files = (
				F60668681E473C2F00325D7B /* Assets.xcassets in Resources */,
				F606686B1E473C2F00325D7B /* Main.storyboard in Resources */,
			);
			runOnlyForDeploymentPostprocessing = 0;
		};
		F606686F1E473C2F00325D7B /* Resources */ = {
			isa = PBXResourcesBuildPhase;
			buildActionMask = 2147483647;
			files = (
			);
			runOnlyForDeploymentPostprocessing = 0;
		};
		F606687A1E473C2F00325D7B /* Resources */ = {
			isa = PBXResourcesBuildPhase;
			buildActionMask = 2147483647;
			files = (
			);
			runOnlyForDeploymentPostprocessing = 0;
		};
/* End PBXResourcesBuildPhase section */

/* Begin PBXSourcesBuildPhase section */
		F606685C1E473C2E00325D7B /* Sources */ = {
			isa = PBXSourcesBuildPhase;
			buildActionMask = 2147483647;
			files = (
				F60668661E473C2F00325D7B /* ViewController.swift in Sources */,
				F60668641E473C2F00325D7B /* AppDelegate.swift in Sources */,
			);
			runOnlyForDeploymentPostprocessing = 0;
		};
		F606686D1E473C2F00325D7B /* Sources */ = {
			isa = PBXSourcesBuildPhase;
			buildActionMask = 2147483647;
			files = (
				F60668761E473C2F00325D7B /* MitsuamiTests.swift in Sources */,
			);
			runOnlyForDeploymentPostprocessing = 0;
		};
		F60668781E473C2F00325D7B /* Sources */ = {
			isa = PBXSourcesBuildPhase;
			buildActionMask = 2147483647;
			files = (
				F60668811E473C2F00325D7B /* MitsuamiUITests.swift in Sources */,
			);
			runOnlyForDeploymentPostprocessing = 0;
		};
/* End PBXSourcesBuildPhase section */

/* Begin PBXTargetDependency section */
		F60668731E473C2F00325D7B /* PBXTargetDependency */ = {
			isa = PBXTargetDependency;
			target = F606685F1E473C2E00325D7B /* Mitsuami */;
			targetProxy = F60668721E473C2F00325D7B /* PBXContainerItemProxy */;
		};
		F606687E1E473C2F00325D7B /* PBXTargetDependency */ = {
			isa = PBXTargetDependency;
			target = F606685F1E473C2E00325D7B /* Mitsuami */;
			targetProxy = F606687D1E473C2F00325D7B /* PBXContainerItemProxy */;
		};
/* End PBXTargetDependency section */

/* Begin PBXVariantGroup section */
		F60668691E473C2F00325D7B /* Main.storyboard */ = {
			isa = PBXVariantGroup;
			children = (
				F606686A1E473C2F00325D7B /* Base */,
			);
			name = Main.storyboard;
			sourceTree = "<group>";
		};
/* End PBXVariantGroup section */

/* Begin XCBuildConfiguration section */
		F60668831E473C2F00325D7B /* Debug */ = {
			isa = XCBuildConfiguration;
			buildSettings = {
				ALWAYS_SEARCH_USER_PATHS = NO;
				CLANG_ANALYZER_NONNULL = YES;
				CLANG_CXX_LANGUAGE_STANDARD = "gnu++0x";
				CLANG_CXX_LIBRARY = "libc++";
				CLANG_ENABLE_MODULES = YES;
				CLANG_ENABLE_OBJC_ARC = YES;
				CLANG_WARN_BOOL_CONVERSION = YES;
				CLANG_WARN_CONSTANT_CONVERSION = YES;
				CLANG_WARN_DIRECT_OBJC_ISA_USAGE = YES_ERROR;
				CLANG_WARN_DOCUMENTATION_COMMENTS = YES;
				CLANG_WARN_EMPTY_BODY = YES;
				CLANG_WARN_ENUM_CONVERSION = YES;
				CLANG_WARN_INFINITE_RECURSION = YES;
				CLANG_WARN_INT_CONVERSION = YES;
				CLANG_WARN_OBJC_ROOT_CLASS = YES_ERROR;
				CLANG_WARN_SUSPICIOUS_MOVE = YES;
				CLANG_WARN_UNREACHABLE_CODE = YES;
				CLANG_WARN__DUPLICATE_METHOD_MATCH = YES;
				CODE_SIGN_IDENTITY = "-";
				COPY_PHASE_STRIP = NO;
				DEBUG_INFORMATION_FORMAT = dwarf;
				ENABLE_STRICT_OBJC_MSGSEND = YES;
				ENABLE_TESTABILITY = YES;
				GCC_C_LANGUAGE_STANDARD = gnu99;
				GCC_DYNAMIC_NO_PIC = NO;
				GCC_NO_COMMON_BLOCKS = YES;
				GCC_OPTIMIZATION_LEVEL = 0;
				GCC_PREPROCESSOR_DEFINITIONS = (
					"DEBUG=1",
					"$(inherited)",
				);
				GCC_WARN_64_TO_32_BIT_CONVERSION = YES;
				GCC_WARN_ABOUT_RETURN_TYPE = YES_ERROR;
				GCC_WARN_UNDECLARED_SELECTOR = YES;
				GCC_WARN_UNINITIALIZED_AUTOS = YES_AGGRESSIVE;
				GCC_WARN_UNUSED_FUNCTION = YES;
				GCC_WARN_UNUSED_VARIABLE = YES;
				MACOSX_DEPLOYMENT_TARGET = 10.11;
				MTL_ENABLE_DEBUG_INFO = YES;
				ONLY_ACTIVE_ARCH = YES;
				SDKROOT = macosx;
				SWIFT_ACTIVE_COMPILATION_CONDITIONS = DEBUG;
				SWIFT_OPTIMIZATION_LEVEL = "-Onone";
			};
			name = Debug;
		};
		F60668841E473C2F00325D7B /* Release */ = {
			isa = XCBuildConfiguration;
			buildSettings = {
				ALWAYS_SEARCH_USER_PATHS = NO;
				CLANG_ANALYZER_NONNULL = YES;
				CLANG_CXX_LANGUAGE_STANDARD = "gnu++0x";
				CLANG_CXX_LIBRARY = "libc++";
				CLANG_ENABLE_MODULES = YES;
				CLANG_ENABLE_OBJC_ARC = YES;
				CLANG_WARN_BOOL_CONVERSION = YES;
				CLANG_WARN_CONSTANT_CONVERSION = YES;
				CLANG_WARN_DIRECT_OBJC_ISA_USAGE = YES_ERROR;
				CLANG_WARN_DOCUMENTATION_COMMENTS = YES;
				CLANG_WARN_EMPTY_BODY = YES;
				CLANG_WARN_ENUM_CONVERSION = YES;
				CLANG_WARN_INFINITE_RECURSION = YES;
				CLANG_WARN_INT_CONVERSION = YES;
				CLANG_WARN_OBJC_ROOT_CLASS = YES_ERROR;
				CLANG_WARN_SUSPICIOUS_MOVE = YES;
				CLANG_WARN_UNREACHABLE_CODE = YES;
				CLANG_WARN__DUPLICATE_METHOD_MATCH = YES;
				CODE_SIGN_IDENTITY = "-";
				COPY_PHASE_STRIP = NO;
				DEBUG_INFORMATION_FORMAT = "dwarf-with-dsym";
				ENABLE_NS_ASSERTIONS = NO;
				ENABLE_STRICT_OBJC_MSGSEND = YES;
				GCC_C_LANGUAGE_STANDARD = gnu99;
				GCC_NO_COMMON_BLOCKS = YES;
				GCC_WARN_64_TO_32_BIT_CONVERSION = YES;
				GCC_WARN_ABOUT_RETURN_TYPE = YES_ERROR;
				GCC_WARN_UNDECLARED_SELECTOR = YES;
				GCC_WARN_UNINITIALIZED_AUTOS = YES_AGGRESSIVE;
				GCC_WARN_UNUSED_FUNCTION = YES;
				GCC_WARN_UNUSED_VARIABLE = YES;
				MACOSX_DEPLOYMENT_TARGET = 10.11;
				MTL_ENABLE_DEBUG_INFO = NO;
				SDKROOT = macosx;
				SWIFT_OPTIMIZATION_LEVEL = "-Owholemodule";
			};
			name = Release;
		};
		F60668861E473C2F00325D7B /* Debug */ = {
			isa = XCBuildConfiguration;
			buildSettings = {
				ASSETCATALOG_COMPILER_APPICON_NAME = AppIcon;
				COMBINE_HIDPI_IMAGES = YES;
				DEVELOPMENT_TEAM = Q3N95Y73WF;
				INFOPLIST_FILE = Mitsuami/Info.plist;
				LD_RUNPATH_SEARCH_PATHS = "$(inherited) @executable_path/../Frameworks";
				PRODUCT_BUNDLE_IDENTIFIER = me.yura.Mitsuami;
				PRODUCT_NAME = "$(TARGET_NAME)";
				SWIFT_VERSION = 3.0;
			};
			name = Debug;
		};
		F60668871E473C2F00325D7B /* Release */ = {
			isa = XCBuildConfiguration;
			buildSettings = {
				ASSETCATALOG_COMPILER_APPICON_NAME = AppIcon;
				COMBINE_HIDPI_IMAGES = YES;
				DEVELOPMENT_TEAM = Q3N95Y73WF;
				INFOPLIST_FILE = Mitsuami/Info.plist;
				LD_RUNPATH_SEARCH_PATHS = "$(inherited) @executable_path/../Frameworks";
				PRODUCT_BUNDLE_IDENTIFIER = me.yura.Mitsuami;
				PRODUCT_NAME = "$(TARGET_NAME)";
				SWIFT_VERSION = 3.0;
			};
			name = Release;
		};
		F60668891E473C2F00325D7B /* Debug */ = {
			isa = XCBuildConfiguration;
			buildSettings = {
				ALWAYS_EMBED_SWIFT_STANDARD_LIBRARIES = YES;
				BUNDLE_LOADER = "$(TEST_HOST)";
				COMBINE_HIDPI_IMAGES = YES;
				DEVELOPMENT_TEAM = Q3N95Y73WF;
				INFOPLIST_FILE = MitsuamiTests/Info.plist;
				LD_RUNPATH_SEARCH_PATHS = "$(inherited) @executable_path/../Frameworks @loader_path/../Frameworks";
				PRODUCT_BUNDLE_IDENTIFIER = me.yura.MitsuamiTests;
				PRODUCT_NAME = "$(TARGET_NAME)";
				SWIFT_VERSION = 3.0;
				TEST_HOST = "$(BUILT_PRODUCTS_DIR)/Mitsuami.app/Contents/MacOS/Mitsuami";
			};
			name = Debug;
		};
		F606688A1E473C2F00325D7B /* Release */ = {
			isa = XCBuildConfiguration;
			buildSettings = {
				ALWAYS_EMBED_SWIFT_STANDARD_LIBRARIES = YES;
				BUNDLE_LOADER = "$(TEST_HOST)";
				COMBINE_HIDPI_IMAGES = YES;
				DEVELOPMENT_TEAM = Q3N95Y73WF;
				INFOPLIST_FILE = MitsuamiTests/Info.plist;
				LD_RUNPATH_SEARCH_PATHS = "$(inherited) @executable_path/../Frameworks @loader_path/../Frameworks";
				PRODUCT_BUNDLE_IDENTIFIER = me.yura.MitsuamiTests;
				PRODUCT_NAME = "$(TARGET_NAME)";
				SWIFT_VERSION = 3.0;
				TEST_HOST = "$(BUILT_PRODUCTS_DIR)/Mitsuami.app/Contents/MacOS/Mitsuami";
			};
			name = Release;
		};
		F606688C1E473C2F00325D7B /* Debug */ = {
			isa = XCBuildConfiguration;
			buildSettings = {
				ALWAYS_EMBED_SWIFT_STANDARD_LIBRARIES = YES;
				COMBINE_HIDPI_IMAGES = YES;
				DEVELOPMENT_TEAM = Q3N95Y73WF;
				INFOPLIST_FILE = MitsuamiUITests/Info.plist;
				LD_RUNPATH_SEARCH_PATHS = "$(inherited) @executable_path/../Frameworks @loader_path/../Frameworks";
				PRODUCT_BUNDLE_IDENTIFIER = me.yura.MitsuamiUITests;
				PRODUCT_NAME = "$(TARGET_NAME)";
				SWIFT_VERSION = 3.0;
				TEST_TARGET_NAME = Mitsuami;
			};
			name = Debug;
		};
		F606688D1E473C2F00325D7B /* Release */ = {
			isa = XCBuildConfiguration;
			buildSettings = {
				ALWAYS_EMBED_SWIFT_STANDARD_LIBRARIES = YES;
				COMBINE_HIDPI_IMAGES = YES;
				DEVELOPMENT_TEAM = Q3N95Y73WF;
				INFOPLIST_FILE = MitsuamiUITests/Info.plist;
				LD_RUNPATH_SEARCH_PATHS = "$(inherited) @executable_path/../Frameworks @loader_path/../Frameworks";
				PRODUCT_BUNDLE_IDENTIFIER = me.yura.MitsuamiUITests;
				PRODUCT_NAME = "$(TARGET_NAME)";
				SWIFT_VERSION = 3.0;
				TEST_TARGET_NAME = Mitsuami;
			};
			name = Release;
		};
/* End XCBuildConfiguration section */

/* Begin XCConfigurationList section */
		F606685B1E473C2E00325D7B /* Build configuration list for PBXProject "Mitsuami" */ = {
			isa = XCConfigurationList;
			buildConfigurations = (
				F60668831E473C2F00325D7B /* Debug */,
				F60668841E473C2F00325D7B /* Release */,
			);
			defaultConfigurationIsVisible = 0;
			defaultConfigurationName = Release;
		};
		F60668851E473C2F00325D7B /* Build configuration list for PBXNativeTarget "Mitsuami" */ = {
			isa = XCConfigurationList;
			buildConfigurations = (
				F60668861E473C2F00325D7B /* Debug */,
				F60668871E473C2F00325D7B /* Release */,
			);
			defaultConfigurationIsVisible = 0;
		};
		F60668881E473C2F00325D7B /* Build configuration list for PBXNativeTarget "MitsuamiTests" */ = {
			isa = XCConfigurationList;
			buildConfigurations = (
				F60668891E473C2F00325D7B /* Debug */,
				F606688A1E473C2F00325D7B /* Release */,
			);
			defaultConfigurationIsVisible = 0;
		};
		F606688B1E473C2F00325D7B /* Build configuration list for PBXNativeTarget "MitsuamiUITests" */ = {
			isa = XCConfigurationList;
			buildConfigurations = (
				F606688C1E473C2F00325D7B /* Debug */,
				F606688D1E473C2F00325D7B /* Release */,
			);
			defaultConfigurationIsVisible = 0;
		};
/* End XCConfigurationList section */
	};
	rootObject = F60668581E473C2E00325D7B /* Project object */;
}
